
Microsoft Visual Studio Solution File, Format Version 12.00
# Visual Studio Version 17
VisualStudioVersion = 17.11.35327.3
MinimumVisualStudioVersion = 10.0.40219.1
Project("{FAE04EC0-301F-11D3-BF4B-00C04F79EFBC}") = "Server", "Server\Server.csproj", "{A082A258-687A-40A9-94F4-49899F5038F7}"
EndProject
Project("{FAE04EC0-301F-11D3-BF4B-00C04F79EFBC}") = "Client", "Client\Client.csproj", "{02E5F62A-CDC6-4155-AB9D-593666426FE3}"
EndProject
Project("{9A19103F-16F7-4668-BE54-9A1E7A4F7556}") = "Assignment3TestSuite", "Test\Assignment3TestSuite.csproj", "{0056DFC9-33DD-41D2-8F09-01624B4F9E23}"
EndProject
Global
	GlobalSection(SolutionConfigurationPlatforms) = preSolution
		Debug|Any CPU = Debug|Any CPU
		Release|Any CPU = Release|Any CPU
	EndGlobalSection
	GlobalSection(ProjectConfigurationPlatforms) = postSolution
		{A082A258-687A-40A9-94F4-49899F5038F7}.Debug|Any CPU.ActiveCfg = Debug|Any CPU
		{A082A258-687A-40A9-94F4-49899F5038F7}.Debug|Any CPU.Build.0 = Debug|Any CPU
		{A082A258-687A-40A9-94F4-49899F5038F7}.Release|Any CPU.ActiveCfg = Release|Any CPU
		{A082A258-687A-40A9-94F4-49899F5038F7}.Release|Any CPU.Build.0 = Release|Any CPU
		{02E5F62A-CDC6-4155-AB9D-593666426FE3}.Debug|Any CPU.ActiveCfg = Debug|Any CPU
		{02E5F62A-CDC6-4155-AB9D-593666426FE3}.Debug|Any CPU.Build.0 = Debug|Any CPU
		{02E5F62A-CDC6-4155-AB9D-593666426FE3}.Release|Any CPU.ActiveCfg = Release|Any CPU
		{02E5F62A-CDC6-4155-AB9D-593666426FE3}.Release|Any CPU.Build.0 = Release|Any CPU
		{0056DFC9-33DD-41D2-8F09-01624B4F9E23}.Debug|Any CPU.ActiveCfg = Debug|Any CPU
		{0056DFC9-33DD-41D2-8F09-01624B4F9E23}.Debug|Any CPU.Build.0 = Debug|Any CPU
		{0056DFC9-33DD-41D2-8F09-01624B4F9E23}.Release|Any CPU.ActiveCfg = Release|Any CPU
		{0056DFC9-33DD-41D2-8F09-01624B4F9E23}.Release|Any CPU.Build.0 = Release|Any CPU
	EndGlobalSection
	GlobalSection(SolutionProperties) = preSolution
		HideSolutionNode = FALSE
	EndGlobalSection
	GlobalSection(ExtensibilityGlobals) = postSolution
		SolutionGuid = {E7ADB110-4C91-4F4D-9E8B-27EB27A4138C}
	EndGlobalSection
EndGlobal
